
Microsoft Visual Studio Solution File, Format Version 12.00
# Visual Studio Version 17
VisualStudioVersion = 17.7.34031.279
MinimumVisualStudioVersion = 10.0.40219.1
Project("{9A19103F-16F7-4668-BE54-9A1E7A4F7556}") = "DDZondaTechTest", "DDZondaTechTest\DDZondaTechTest.csproj", "{D5C283BF-EF09-405E-BF9A-E12353857A24}"
EndProject
Project("{FAE04EC0-301F-11D3-BF4B-00C04F79EFBC}") = "UITests", "UITests\UITests.csproj", "{6A31E563-F235-4F1C-A3BE-3092CFE83A38}"
EndProject
Global
	GlobalSection(SolutionConfigurationPlatforms) = preSolution
		Debug|Any CPU = Debug|Any CPU
		Release|Any CPU = Release|Any CPU
	EndGlobalSection
	GlobalSection(ProjectConfigurationPlatforms) = postSolution
		{D5C283BF-EF09-405E-BF9A-E12353857A24}.Debug|Any CPU.ActiveCfg = Debug|Any CPU
		{D5C283BF-EF09-405E-BF9A-E12353857A24}.Debug|Any CPU.Build.0 = Debug|Any CPU
		{D5C283BF-EF09-405E-BF9A-E12353857A24}.Release|Any CPU.ActiveCfg = Release|Any CPU
		{D5C283BF-EF09-405E-BF9A-E12353857A24}.Release|Any CPU.Build.0 = Release|Any CPU
		{6A31E563-F235-4F1C-A3BE-3092CFE83A38}.Debug|Any CPU.ActiveCfg = Debug|Any CPU
		{6A31E563-F235-4F1C-A3BE-3092CFE83A38}.Debug|Any CPU.Build.0 = Debug|Any CPU
		{6A31E563-F235-4F1C-A3BE-3092CFE83A38}.Release|Any CPU.ActiveCfg = Release|Any CPU
		{6A31E563-F235-4F1C-A3BE-3092CFE83A38}.Release|Any CPU.Build.0 = Release|Any CPU
	EndGlobalSection
	GlobalSection(SolutionProperties) = preSolution
		HideSolutionNode = FALSE
	EndGlobalSection
	GlobalSection(ExtensibilityGlobals) = postSolution
		SolutionGuid = {99C43361-282E-4EE9-9B67-BB4E2D62BA6E}
	EndGlobalSection
EndGlobal
